
Microsoft Visual Studio Solution File, Format Version 12.00
# Visual Studio Version 16
VisualStudioVersion = 16.0.30413.136
MinimumVisualStudioVersion = 10.0.40219.1
Project("{9A19103F-16F7-4668-BE54-9A1E7A4F7556}") = "Lesson3.1", "Lesson3.1.csproj", "{743E09AF-2A33-41F5-9E25-E48F7A82369C}"
EndProject
Project("{9A19103F-16F7-4668-BE54-9A1E7A4F7556}") = "Lesson3.2", "..\Lesson3.2\Lesson3.2.csproj", "{DE5EB0D6-AFCE-4C3C-814E-AFD9C60E4052}"
EndProject
Project("{9A19103F-16F7-4668-BE54-9A1E7A4F7556}") = "Lesson3.3", "..\Lesson3.3\Lesson3.3.csproj", "{5F0505BF-5815-4BE3-8EB1-001D17198D97}"
EndProject
Project("{FAE04EC0-301F-11D3-BF4B-00C04F79EFBC}") = "Lesson4.1", "..\Lesson4.1\Lesson4.1.csproj", "{6C9A0567-5433-4B8B-8949-809C4C9B4686}"
EndProject
Project("{FAE04EC0-301F-11D3-BF4B-00C04F79EFBC}") = "Lesson4.2", "..\Lesson4.2\Lesson4.2.csproj", "{3BEF1274-091F-4F08-866A-4D7FADA485D4}"
EndProject
Project("{FAE04EC0-301F-11D3-BF4B-00C04F79EFBC}") = "Lesson4.3", "..\Lesson4.3\Lesson4.3.csproj", "{0302E110-82D9-42BF-8CC1-63256C734635}"
EndProject
Project("{FAE04EC0-301F-11D3-BF4B-00C04F79EFBC}") = "Lesson5.1", "..\Lesson5.1\Lesson5.1.csproj", "{BFA268C1-379D-4982-B962-0EDF4C030BC8}"
EndProject
Project("{FAE04EC0-301F-11D3-BF4B-00C04F79EFBC}") = "Lesson5.2", "..\Lesson5.2\Lesson5.2.csproj", "{C68DF356-074E-43BF-814F-5141302FA5D5}"
EndProject
Project("{FAE04EC0-301F-11D3-BF4B-00C04F79EFBC}") = "Lesson5.3", "..\Lesson5.3\Lesson5.3.csproj", "{95E25A3D-C6D0-4F66-B518-A64ACE17FCFF}"
EndProject
Project("{FAE04EC0-301F-11D3-BF4B-00C04F79EFBC}") = "Lesson6.1", "..\Lesson6.1\Lesson6.1.csproj", "{550578E7-89F3-4B89-9B0B-C2A8340525EB}"
EndProject
Project("{FAE04EC0-301F-11D3-BF4B-00C04F79EFBC}") = "Lesson6.2", "..\Lesson6.2\Lesson6.2.csproj", "{993DDB2F-0392-4D9F-B7AD-42CCF5917E9E}"
EndProject
Project("{FAE04EC0-301F-11D3-BF4B-00C04F79EFBC}") = "Lesson6.3", "..\Lesson6.3\Lesson6.3.csproj", "{E9475ED8-2F45-48BD-B640-E3FE5D6B413E}"
EndProject
Project("{FAE04EC0-301F-11D3-BF4B-00C04F79EFBC}") = "Lesson6.4", "..\Lesson6.4\Lesson6.4.csproj", "{4AA9DA24-86AB-40B6-A30E-CBBB06F49C7B}"
EndProject
Project("{FAE04EC0-301F-11D3-BF4B-00C04F79EFBC}") = "Lesson6.5", "..\Lesson6.5\Lesson6.5.csproj", "{33B914F1-3593-4892-9CDC-4059C1BD1EAB}"
EndProject
Project("{FAE04EC0-301F-11D3-BF4B-00C04F79EFBC}") = "Lesson7.1", "..\Lesson7.1\Lesson7.1.csproj", "{A6935CD1-B444-4059-8ED6-570103CB94C1}"
EndProject
Project("{FAE04EC0-301F-11D3-BF4B-00C04F79EFBC}") = "Lesson7.2", "..\Lesson7.2\Lesson7.2.csproj", "{C5BE429F-55F2-466C-AFF3-7DAF37948534}"
EndProject
Project("{FAE04EC0-301F-11D3-BF4B-00C04F79EFBC}") = "Lesson7.3", "..\Lesson7.3\Lesson7.3.csproj", "{EF4645CA-6D53-4ABE-8AE0-555C1D30A552}"
EndProject
Project("{FAE04EC0-301F-11D3-BF4B-00C04F79EFBC}") = "Lesson7.4", "..\Lesson7.4\Lesson7.4.csproj", "{8FFEEB5B-D9A3-4A35-AD35-617932776525}"
EndProject
Project("{FAE04EC0-301F-11D3-BF4B-00C04F79EFBC}") = "Lesson7.5", "..\Lesson7.5\Lesson7.5.csproj", "{37A727F9-E497-4169-8140-BC43B78392DA}"
EndProject
Global
	GlobalSection(SolutionConfigurationPlatforms) = preSolution
		Debug|Any CPU = Debug|Any CPU
		Release|Any CPU = Release|Any CPU
	EndGlobalSection
	GlobalSection(ProjectConfigurationPlatforms) = postSolution
		{743E09AF-2A33-41F5-9E25-E48F7A82369C}.Debug|Any CPU.ActiveCfg = Debug|Any CPU
		{743E09AF-2A33-41F5-9E25-E48F7A82369C}.Debug|Any CPU.Build.0 = Debug|Any CPU
		{743E09AF-2A33-41F5-9E25-E48F7A82369C}.Release|Any CPU.ActiveCfg = Release|Any CPU
		{743E09AF-2A33-41F5-9E25-E48F7A82369C}.Release|Any CPU.Build.0 = Release|Any CPU
		{DE5EB0D6-AFCE-4C3C-814E-AFD9C60E4052}.Debug|Any CPU.ActiveCfg = Debug|Any CPU
		{DE5EB0D6-AFCE-4C3C-814E-AFD9C60E4052}.Debug|Any CPU.Build.0 = Debug|Any CPU
		{DE5EB0D6-AFCE-4C3C-814E-AFD9C60E4052}.Release|Any CPU.ActiveCfg = Release|Any CPU
		{DE5EB0D6-AFCE-4C3C-814E-AFD9C60E4052}.Release|Any CPU.Build.0 = Release|Any CPU
		{5F0505BF-5815-4BE3-8EB1-001D17198D97}.Debug|Any CPU.ActiveCfg = Debug|Any CPU
		{5F0505BF-5815-4BE3-8EB1-001D17198D97}.Debug|Any CPU.Build.0 = Debug|Any CPU
		{5F0505BF-5815-4BE3-8EB1-001D17198D97}.Release|Any CPU.ActiveCfg = Release|Any CPU
		{5F0505BF-5815-4BE3-8EB1-001D17198D97}.Release|Any CPU.Build.0 = Release|Any CPU
		{6C9A0567-5433-4B8B-8949-809C4C9B4686}.Debug|Any CPU.ActiveCfg = Debug|Any CPU
		{6C9A0567-5433-4B8B-8949-809C4C9B4686}.Debug|Any CPU.Build.0 = Debug|Any CPU
		{6C9A0567-5433-4B8B-8949-809C4C9B4686}.Release|Any CPU.ActiveCfg = Release|Any CPU
		{6C9A0567-5433-4B8B-8949-809C4C9B4686}.Release|Any CPU.Build.0 = Release|Any CPU
		{3BEF1274-091F-4F08-866A-4D7FADA485D4}.Debug|Any CPU.ActiveCfg = Debug|Any CPU
		{3BEF1274-091F-4F08-866A-4D7FADA485D4}.Debug|Any CPU.Build.0 = Debug|Any CPU
		{3BEF1274-091F-4F08-866A-4D7FADA485D4}.Release|Any CPU.ActiveCfg = Release|Any CPU
		{3BEF1274-091F-4F08-866A-4D7FADA485D4}.Release|Any CPU.Build.0 = Release|Any CPU
		{0302E110-82D9-42BF-8CC1-63256C734635}.Debug|Any CPU.ActiveCfg = Debug|Any CPU
		{0302E110-82D9-42BF-8CC1-63256C734635}.Debug|Any CPU.Build.0 = Debug|Any CPU
		{0302E110-82D9-42BF-8CC1-63256C734635}.Release|Any CPU.ActiveCfg = Release|Any CPU
		{0302E110-82D9-42BF-8CC1-63256C734635}.Release|Any CPU.Build.0 = Release|Any CPU
		{BFA268C1-379D-4982-B962-0EDF4C030BC8}.Debug|Any CPU.ActiveCfg = Debug|Any CPU
		{BFA268C1-379D-4982-B962-0EDF4C030BC8}.Debug|Any CPU.Build.0 = Debug|Any CPU
		{BFA268C1-379D-4982-B962-0EDF4C030BC8}.Release|Any CPU.ActiveCfg = Release|Any CPU
		{BFA268C1-379D-4982-B962-0EDF4C030BC8}.Release|Any CPU.Build.0 = Release|Any CPU
		{C68DF356-074E-43BF-814F-5141302FA5D5}.Debug|Any CPU.ActiveCfg = Debug|Any CPU
		{C68DF356-074E-43BF-814F-5141302FA5D5}.Debug|Any CPU.Build.0 = Debug|Any CPU
		{C68DF356-074E-43BF-814F-5141302FA5D5}.Release|Any CPU.ActiveCfg = Release|Any CPU
		{C68DF356-074E-43BF-814F-5141302FA5D5}.Release|Any CPU.Build.0 = Release|Any CPU
		{95E25A3D-C6D0-4F66-B518-A64ACE17FCFF}.Debug|Any CPU.ActiveCfg = Debug|Any CPU
		{95E25A3D-C6D0-4F66-B518-A64ACE17FCFF}.Debug|Any CPU.Build.0 = Debug|Any CPU
		{95E25A3D-C6D0-4F66-B518-A64ACE17FCFF}.Release|Any CPU.ActiveCfg = Release|Any CPU
		{95E25A3D-C6D0-4F66-B518-A64ACE17FCFF}.Release|Any CPU.Build.0 = Release|Any CPU
		{550578E7-89F3-4B89-9B0B-C2A8340525EB}.Debug|Any CPU.ActiveCfg = Debug|Any CPU
		{550578E7-89F3-4B89-9B0B-C2A8340525EB}.Debug|Any CPU.Build.0 = Debug|Any CPU
		{550578E7-89F3-4B89-9B0B-C2A8340525EB}.Release|Any CPU.ActiveCfg = Release|Any CPU
		{550578E7-89F3-4B89-9B0B-C2A8340525EB}.Release|Any CPU.Build.0 = Release|Any CPU
		{993DDB2F-0392-4D9F-B7AD-42CCF5917E9E}.Debug|Any CPU.ActiveCfg = Debug|Any CPU
		{993DDB2F-0392-4D9F-B7AD-42CCF5917E9E}.Debug|Any CPU.Build.0 = Debug|Any CPU
		{993DDB2F-0392-4D9F-B7AD-42CCF5917E9E}.Release|Any CPU.ActiveCfg = Release|Any CPU
		{993DDB2F-0392-4D9F-B7AD-42CCF5917E9E}.Release|Any CPU.Build.0 = Release|Any CPU
		{E9475ED8-2F45-48BD-B640-E3FE5D6B413E}.Debug|Any CPU.ActiveCfg = Debug|Any CPU
		{E9475ED8-2F45-48BD-B640-E3FE5D6B413E}.Debug|Any CPU.Build.0 = Debug|Any CPU
		{E9475ED8-2F45-48BD-B640-E3FE5D6B413E}.Release|Any CPU.ActiveCfg = Release|Any CPU
		{E9475ED8-2F45-48BD-B640-E3FE5D6B413E}.Release|Any CPU.Build.0 = Release|Any CPU
		{4AA9DA24-86AB-40B6-A30E-CBBB06F49C7B}.Debug|Any CPU.ActiveCfg = Debug|Any CPU
		{4AA9DA24-86AB-40B6-A30E-CBBB06F49C7B}.Debug|Any CPU.Build.0 = Debug|Any CPU
		{4AA9DA24-86AB-40B6-A30E-CBBB06F49C7B}.Release|Any CPU.ActiveCfg = Release|Any CPU
		{4AA9DA24-86AB-40B6-A30E-CBBB06F49C7B}.Release|Any CPU.Build.0 = Release|Any CPU
		{33B914F1-3593-4892-9CDC-4059C1BD1EAB}.Debug|Any CPU.ActiveCfg = Debug|Any CPU
		{33B914F1-3593-4892-9CDC-4059C1BD1EAB}.Debug|Any CPU.Build.0 = Debug|Any CPU
		{33B914F1-3593-4892-9CDC-4059C1BD1EAB}.Release|Any CPU.ActiveCfg = Release|Any CPU
		{33B914F1-3593-4892-9CDC-4059C1BD1EAB}.Release|Any CPU.Build.0 = Release|Any CPU
		{A6935CD1-B444-4059-8ED6-570103CB94C1}.Debug|Any CPU.ActiveCfg = Debug|Any CPU
		{A6935CD1-B444-4059-8ED6-570103CB94C1}.Debug|Any CPU.Build.0 = Debug|Any CPU
		{A6935CD1-B444-4059-8ED6-570103CB94C1}.Release|Any CPU.ActiveCfg = Release|Any CPU
		{A6935CD1-B444-4059-8ED6-570103CB94C1}.Release|Any CPU.Build.0 = Release|Any CPU
		{C5BE429F-55F2-466C-AFF3-7DAF37948534}.Debug|Any CPU.ActiveCfg = Debug|Any CPU
		{C5BE429F-55F2-466C-AFF3-7DAF37948534}.Debug|Any CPU.Build.0 = Debug|Any CPU
		{C5BE429F-55F2-466C-AFF3-7DAF37948534}.Release|Any CPU.ActiveCfg = Release|Any CPU
		{C5BE429F-55F2-466C-AFF3-7DAF37948534}.Release|Any CPU.Build.0 = Release|Any CPU
		{EF4645CA-6D53-4ABE-8AE0-555C1D30A552}.Debug|Any CPU.ActiveCfg = Debug|Any CPU
		{EF4645CA-6D53-4ABE-8AE0-555C1D30A552}.Debug|Any CPU.Build.0 = Debug|Any CPU
		{EF4645CA-6D53-4ABE-8AE0-555C1D30A552}.Release|Any CPU.ActiveCfg = Release|Any CPU
		{EF4645CA-6D53-4ABE-8AE0-555C1D30A552}.Release|Any CPU.Build.0 = Release|Any CPU
		{8FFEEB5B-D9A3-4A35-AD35-617932776525}.Debug|Any CPU.ActiveCfg = Debug|Any CPU
		{8FFEEB5B-D9A3-4A35-AD35-617932776525}.Debug|Any CPU.Build.0 = Debug|Any CPU
		{8FFEEB5B-D9A3-4A35-AD35-617932776525}.Release|Any CPU.ActiveCfg = Release|Any CPU
		{8FFEEB5B-D9A3-4A35-AD35-617932776525}.Release|Any CPU.Build.0 = Release|Any CPU
		{37A727F9-E497-4169-8140-BC43B78392DA}.Debug|Any CPU.ActiveCfg = Debug|Any CPU
		{37A727F9-E497-4169-8140-BC43B78392DA}.Debug|Any CPU.Build.0 = Debug|Any CPU
		{37A727F9-E497-4169-8140-BC43B78392DA}.Release|Any CPU.ActiveCfg = Release|Any CPU
		{37A727F9-E497-4169-8140-BC43B78392DA}.Release|Any CPU.Build.0 = Release|Any CPU
	EndGlobalSection
	GlobalSection(SolutionProperties) = preSolution
		HideSolutionNode = FALSE
	EndGlobalSection
	GlobalSection(ExtensibilityGlobals) = postSolution
		SolutionGuid = {4BD4D8FD-A883-414F-B954-FF59F1AA096C}
	EndGlobalSection
EndGlobal
