
Microsoft Visual Studio Solution File, Format Version 12.00
# Visual Studio Version 16
VisualStudioVersion = 16.0.30413.136
MinimumVisualStudioVersion = 10.0.40219.1
Project("{FAE04EC0-301F-11D3-BF4B-00C04F79EFBC}") = "Lesson3.1", "Lesson3.1.csproj", "{743E09AF-2A33-41F5-9E25-E48F7A82369C}"
EndProject
Project("{FAE04EC0-301F-11D3-BF4B-00C04F79EFBC}") = "Lesson3.2", "..\Lesson3.2\Lesson3.2.csproj", "{DE5EB0D6-AFCE-4C3C-814E-AFD9C60E4052}"
EndProject
Global
	GlobalSection(SolutionConfigurationPlatforms) = preSolution
		Debug|Any CPU = Debug|Any CPU
		Release|Any CPU = Release|Any CPU
	EndGlobalSection
	GlobalSection(ProjectConfigurationPlatforms) = postSolution
		{743E09AF-2A33-41F5-9E25-E48F7A82369C}.Debug|Any CPU.ActiveCfg = Debug|Any CPU
		{743E09AF-2A33-41F5-9E25-E48F7A82369C}.Debug|Any CPU.Build.0 = Debug|Any CPU
		{743E09AF-2A33-41F5-9E25-E48F7A82369C}.Release|Any CPU.ActiveCfg = Release|Any CPU
		{743E09AF-2A33-41F5-9E25-E48F7A82369C}.Release|Any CPU.Build.0 = Release|Any CPU
		{DE5EB0D6-AFCE-4C3C-814E-AFD9C60E4052}.Debug|Any CPU.ActiveCfg = Debug|Any CPU
		{DE5EB0D6-AFCE-4C3C-814E-AFD9C60E4052}.Debug|Any CPU.Build.0 = Debug|Any CPU
		{DE5EB0D6-AFCE-4C3C-814E-AFD9C60E4052}.Release|Any CPU.ActiveCfg = Release|Any CPU
		{DE5EB0D6-AFCE-4C3C-814E-AFD9C60E4052}.Release|Any CPU.Build.0 = Release|Any CPU
	EndGlobalSection
	GlobalSection(SolutionProperties) = preSolution
		HideSolutionNode = FALSE
	EndGlobalSection
	GlobalSection(ExtensibilityGlobals) = postSolution
		SolutionGuid = {4BD4D8FD-A883-414F-B954-FF59F1AA096C}
	EndGlobalSection
EndGlobal
